
Microsoft Visual Studio Solution File, Format Version 12.00
# Visual Studio Version 17
VisualStudioVersion = 17.12.35527.113
MinimumVisualStudioVersion = 10.0.40219.1
Project("{FAE04EC0-301F-11D3-BF4B-00C04F79EFBC}") = "App.Web", "EdgarFundingCalculator\App.Web.csproj", "{B83F2B92-6D65-47B7-B390-BEEE349CD66D}"
EndProject
Project("{FAE04EC0-301F-11D3-BF4B-00C04F79EFBC}") = "App.Data", "EdgarRepo\App.Data.csproj", "{C2D364C3-085A-4079-B107-EF60018D4F53}"
EndProject
Project("{2150E333-8FDC-42A3-9474-1A3956D46DE8}") = "Solution Items", "Solution Items", "{EE850C82-FAC0-4062-9272-25B72F3D00E7}"
	ProjectSection(SolutionItems) = preProject
		README.md = README.md
	EndProjectSection
EndProject
Project("{FAE04EC0-301F-11D3-BF4B-00C04F79EFBC}") = "App.Web.UnitTests", "App.Web.UnitTests\App.Web.UnitTests.csproj", "{CC0B49F8-2E10-4A58-8CDA-16713D710C40}"
EndProject
Global
	GlobalSection(SolutionConfigurationPlatforms) = preSolution
		Debug|Any CPU = Debug|Any CPU
		Release|Any CPU = Release|Any CPU
	EndGlobalSection
	GlobalSection(ProjectConfigurationPlatforms) = postSolution
		{B83F2B92-6D65-47B7-B390-BEEE349CD66D}.Debug|Any CPU.ActiveCfg = Debug|Any CPU
		{B83F2B92-6D65-47B7-B390-BEEE349CD66D}.Debug|Any CPU.Build.0 = Debug|Any CPU
		{B83F2B92-6D65-47B7-B390-BEEE349CD66D}.Release|Any CPU.ActiveCfg = Release|Any CPU
		{B83F2B92-6D65-47B7-B390-BEEE349CD66D}.Release|Any CPU.Build.0 = Release|Any CPU
		{C2D364C3-085A-4079-B107-EF60018D4F53}.Debug|Any CPU.ActiveCfg = Debug|Any CPU
		{C2D364C3-085A-4079-B107-EF60018D4F53}.Debug|Any CPU.Build.0 = Debug|Any CPU
		{C2D364C3-085A-4079-B107-EF60018D4F53}.Release|Any CPU.ActiveCfg = Release|Any CPU
		{C2D364C3-085A-4079-B107-EF60018D4F53}.Release|Any CPU.Build.0 = Release|Any CPU
		{CC0B49F8-2E10-4A58-8CDA-16713D710C40}.Debug|Any CPU.ActiveCfg = Debug|Any CPU
		{CC0B49F8-2E10-4A58-8CDA-16713D710C40}.Debug|Any CPU.Build.0 = Debug|Any CPU
		{CC0B49F8-2E10-4A58-8CDA-16713D710C40}.Release|Any CPU.ActiveCfg = Release|Any CPU
		{CC0B49F8-2E10-4A58-8CDA-16713D710C40}.Release|Any CPU.Build.0 = Release|Any CPU
	EndGlobalSection
	GlobalSection(SolutionProperties) = preSolution
		HideSolutionNode = FALSE
	EndGlobalSection
EndGlobal
